
Microsoft Visual Studio Solution File, Format Version 12.00
# Visual Studio Version 17
VisualStudioVersion = 17.10.35122.118
MinimumVisualStudioVersion = 10.0.40219.1
Project("{FAE04EC0-301F-11D3-BF4B-00C04F79EFBC}") = "L01Opg3", "Opg3\L01Opg3.csproj", "{0F707F14-CA4E-41CA-9266-C9278B3C91D6}"
EndProject
Project("{FAE04EC0-301F-11D3-BF4B-00C04F79EFBC}") = "MyLibrary", "MyLibrary\MyLibrary.csproj", "{315110C9-B4BC-4921-A65E-92CB2D927B0B}"
EndProject
Project("{FAE04EC0-301F-11D3-BF4B-00C04F79EFBC}") = "L01Opg6", "L01Opg6\L01Opg6.csproj", "{F659DE5C-5E1A-441B-9B5F-74D107FBADA2}"
EndProject
Project("{FAE04EC0-301F-11D3-BF4B-00C04F79EFBC}") = "L02Opg3", "L02Opg1\L02Opg3.csproj", "{9BCE8813-6664-41FB-9B72-CB108F5AB8A6}"
EndProject
Project("{FAE04EC0-301F-11D3-BF4B-00C04F79EFBC}") = "L02Opg4", "L02Opg4\L02Opg4.csproj", "{78F39B27-F0F2-420D-89A3-219D55A27A5C}"
EndProject
Project("{FAE04EC0-301F-11D3-BF4B-00C04F79EFBC}") = "L02Opg5", "L02Opg5\L02Opg5.csproj", "{C3EC02C4-35D6-4036-8735-6330CB1C091B}"
EndProject
Project("{FAE04EC0-301F-11D3-BF4B-00C04F79EFBC}") = "L03Opg0", "L03Opg0\L03Opg0.csproj", "{814222A2-1DC6-449A-9389-8CAAFF6150A5}"
EndProject
Project("{FAE04EC0-301F-11D3-BF4B-00C04F79EFBC}") = "L03Opg2", "L03Opg2\L03Opg2.csproj", "{C5822953-5014-463F-8C25-165CDD5A9B45}"
EndProject
Global
	GlobalSection(SolutionConfigurationPlatforms) = preSolution
		Debug|Any CPU = Debug|Any CPU
		Release|Any CPU = Release|Any CPU
	EndGlobalSection
	GlobalSection(ProjectConfigurationPlatforms) = postSolution
		{0F707F14-CA4E-41CA-9266-C9278B3C91D6}.Debug|Any CPU.ActiveCfg = Debug|Any CPU
		{0F707F14-CA4E-41CA-9266-C9278B3C91D6}.Debug|Any CPU.Build.0 = Debug|Any CPU
		{0F707F14-CA4E-41CA-9266-C9278B3C91D6}.Release|Any CPU.ActiveCfg = Release|Any CPU
		{0F707F14-CA4E-41CA-9266-C9278B3C91D6}.Release|Any CPU.Build.0 = Release|Any CPU
		{315110C9-B4BC-4921-A65E-92CB2D927B0B}.Debug|Any CPU.ActiveCfg = Debug|Any CPU
		{315110C9-B4BC-4921-A65E-92CB2D927B0B}.Debug|Any CPU.Build.0 = Debug|Any CPU
		{315110C9-B4BC-4921-A65E-92CB2D927B0B}.Release|Any CPU.ActiveCfg = Release|Any CPU
		{315110C9-B4BC-4921-A65E-92CB2D927B0B}.Release|Any CPU.Build.0 = Release|Any CPU
		{F659DE5C-5E1A-441B-9B5F-74D107FBADA2}.Debug|Any CPU.ActiveCfg = Debug|Any CPU
		{F659DE5C-5E1A-441B-9B5F-74D107FBADA2}.Debug|Any CPU.Build.0 = Debug|Any CPU
		{F659DE5C-5E1A-441B-9B5F-74D107FBADA2}.Release|Any CPU.ActiveCfg = Release|Any CPU
		{F659DE5C-5E1A-441B-9B5F-74D107FBADA2}.Release|Any CPU.Build.0 = Release|Any CPU
		{9BCE8813-6664-41FB-9B72-CB108F5AB8A6}.Debug|Any CPU.ActiveCfg = Debug|Any CPU
		{9BCE8813-6664-41FB-9B72-CB108F5AB8A6}.Debug|Any CPU.Build.0 = Debug|Any CPU
		{9BCE8813-6664-41FB-9B72-CB108F5AB8A6}.Release|Any CPU.ActiveCfg = Release|Any CPU
		{9BCE8813-6664-41FB-9B72-CB108F5AB8A6}.Release|Any CPU.Build.0 = Release|Any CPU
		{78F39B27-F0F2-420D-89A3-219D55A27A5C}.Debug|Any CPU.ActiveCfg = Debug|Any CPU
		{78F39B27-F0F2-420D-89A3-219D55A27A5C}.Debug|Any CPU.Build.0 = Debug|Any CPU
		{78F39B27-F0F2-420D-89A3-219D55A27A5C}.Release|Any CPU.ActiveCfg = Release|Any CPU
		{78F39B27-F0F2-420D-89A3-219D55A27A5C}.Release|Any CPU.Build.0 = Release|Any CPU
		{C3EC02C4-35D6-4036-8735-6330CB1C091B}.Debug|Any CPU.ActiveCfg = Debug|Any CPU
		{C3EC02C4-35D6-4036-8735-6330CB1C091B}.Debug|Any CPU.Build.0 = Debug|Any CPU
		{C3EC02C4-35D6-4036-8735-6330CB1C091B}.Release|Any CPU.ActiveCfg = Release|Any CPU
		{C3EC02C4-35D6-4036-8735-6330CB1C091B}.Release|Any CPU.Build.0 = Release|Any CPU
		{814222A2-1DC6-449A-9389-8CAAFF6150A5}.Debug|Any CPU.ActiveCfg = Debug|Any CPU
		{814222A2-1DC6-449A-9389-8CAAFF6150A5}.Debug|Any CPU.Build.0 = Debug|Any CPU
		{814222A2-1DC6-449A-9389-8CAAFF6150A5}.Release|Any CPU.ActiveCfg = Release|Any CPU
		{814222A2-1DC6-449A-9389-8CAAFF6150A5}.Release|Any CPU.Build.0 = Release|Any CPU
		{C5822953-5014-463F-8C25-165CDD5A9B45}.Debug|Any CPU.ActiveCfg = Debug|Any CPU
		{C5822953-5014-463F-8C25-165CDD5A9B45}.Debug|Any CPU.Build.0 = Debug|Any CPU
		{C5822953-5014-463F-8C25-165CDD5A9B45}.Release|Any CPU.ActiveCfg = Release|Any CPU
		{C5822953-5014-463F-8C25-165CDD5A9B45}.Release|Any CPU.Build.0 = Release|Any CPU
	EndGlobalSection
	GlobalSection(SolutionProperties) = preSolution
		HideSolutionNode = FALSE
	EndGlobalSection
	GlobalSection(ExtensibilityGlobals) = postSolution
		SolutionGuid = {33687826-EAFA-4FEC-91BD-2D0656F6164E}
	EndGlobalSection
EndGlobal
