
Microsoft Visual Studio Solution File, Format Version 12.00
# Visual Studio Version 17
VisualStudioVersion = 17.10.35122.118
MinimumVisualStudioVersion = 10.0.40219.1
Project("{FAE04EC0-301F-11D3-BF4B-00C04F79EFBC}") = "L01Opg3", "Opg3\L01Opg3.csproj", "{0F707F14-CA4E-41CA-9266-C9278B3C91D6}"
EndProject
Project("{FAE04EC0-301F-11D3-BF4B-00C04F79EFBC}") = "MyLibrary", "MyLibrary\MyLibrary.csproj", "{315110C9-B4BC-4921-A65E-92CB2D927B0B}"
EndProject
Project("{FAE04EC0-301F-11D3-BF4B-00C04F79EFBC}") = "L01Opg6", "L01Opg6\L01Opg6.csproj", "{F659DE5C-5E1A-441B-9B5F-74D107FBADA2}"
EndProject
Project("{FAE04EC0-301F-11D3-BF4B-00C04F79EFBC}") = "L02Opg3", "L02Opg1\L02Opg3.csproj", "{9BCE8813-6664-41FB-9B72-CB108F5AB8A6}"
EndProject
Project("{FAE04EC0-301F-11D3-BF4B-00C04F79EFBC}") = "L02Opg4", "L02Opg4\L02Opg4.csproj", "{78F39B27-F0F2-420D-89A3-219D55A27A5C}"
EndProject
Project("{FAE04EC0-301F-11D3-BF4B-00C04F79EFBC}") = "L02Opg5", "L02Opg5\L02Opg5.csproj", "{C3EC02C4-35D6-4036-8735-6330CB1C091B}"
EndProject
Project("{FAE04EC0-301F-11D3-BF4B-00C04F79EFBC}") = "L03Opg0", "L03Opg0\L03Opg0.csproj", "{814222A2-1DC6-449A-9389-8CAAFF6150A5}"
EndProject
Project("{FAE04EC0-301F-11D3-BF4B-00C04F79EFBC}") = "L03Opg2", "L03Opg2\L03Opg2.csproj", "{C5822953-5014-463F-8C25-165CDD5A9B45}"
EndProject
Project("{FAE04EC0-301F-11D3-BF4B-00C04F79EFBC}") = "L03Opg8", "L03Opg8\L03Opg8.csproj", "{FF99CC0C-BC2E-4371-9F95-DA32183C1947}"
EndProject
Project("{FAE04EC0-301F-11D3-BF4B-00C04F79EFBC}") = "L04Opg1", "L04Opg1\L04Opg1.csproj", "{B3EA84F0-0DA8-49D8-BE1A-5138DC5AE38D}"
EndProject
Project("{FAE04EC0-301F-11D3-BF4B-00C04F79EFBC}") = "L04Opg2", "L04Opg2\L04Opg2.csproj", "{EB94A28A-F14B-416E-A942-A129F1D0B83A}"
EndProject
Project("{FAE04EC0-301F-11D3-BF4B-00C04F79EFBC}") = "L04Opg3", "L04Opg3\L04Opg3.csproj", "{09676B02-395B-4A5A-A2BF-808E9D204061}"
EndProject
Project("{FAE04EC0-301F-11D3-BF4B-00C04F79EFBC}") = "L04Opg6", "L04Opg6\L04Opg6.csproj", "{F97A6130-1C20-45BA-8032-95660E964C41}"
EndProject
Project("{FAE04EC0-301F-11D3-BF4B-00C04F79EFBC}") = "L04Opg5", "L04Opg5\L04Opg5.csproj", "{A2AA48F6-6960-40AC-8E54-DA31A834B590}"
EndProject
Project("{FAE04EC0-301F-11D3-BF4B-00C04F79EFBC}") = "L04Opg7", "L04Opg7\L04Opg7.csproj", "{CD9D872D-9859-4C0D-A978-1C6667EF804F}"
EndProject
Project("{FAE04EC0-301F-11D3-BF4B-00C04F79EFBC}") = "L05Opg01", "L05Opg01\L05Opg01.csproj", "{7F5FA3C4-0E21-440D-A1F5-1D07A8B6EB1A}"
EndProject
Project("{FAE04EC0-301F-11D3-BF4B-00C04F79EFBC}") = "L05Opg02", "L05Opg02\L05Opg02.csproj", "{03CA7687-4963-47C1-A5D5-0F2059AE6EA2}"
EndProject
Project("{FAE04EC0-301F-11D3-BF4B-00C04F79EFBC}") = "L05Opg03", "L05Opg03\L05Opg03.csproj", "{7FED5655-2349-43EB-BFDF-65DCDC68F623}"
EndProject
Project("{FAE04EC0-301F-11D3-BF4B-00C04F79EFBC}") = "L05Opg08", "L05Opg08\L05Opg08.csproj", "{F0DEAC8F-423A-46FF-A376-BD5484BC052B}"
EndProject
Global
	GlobalSection(SolutionConfigurationPlatforms) = preSolution
		Debug|Any CPU = Debug|Any CPU
		Release|Any CPU = Release|Any CPU
	EndGlobalSection
	GlobalSection(ProjectConfigurationPlatforms) = postSolution
		{0F707F14-CA4E-41CA-9266-C9278B3C91D6}.Debug|Any CPU.ActiveCfg = Debug|Any CPU
		{0F707F14-CA4E-41CA-9266-C9278B3C91D6}.Debug|Any CPU.Build.0 = Debug|Any CPU
		{0F707F14-CA4E-41CA-9266-C9278B3C91D6}.Release|Any CPU.ActiveCfg = Release|Any CPU
		{0F707F14-CA4E-41CA-9266-C9278B3C91D6}.Release|Any CPU.Build.0 = Release|Any CPU
		{315110C9-B4BC-4921-A65E-92CB2D927B0B}.Debug|Any CPU.ActiveCfg = Debug|Any CPU
		{315110C9-B4BC-4921-A65E-92CB2D927B0B}.Debug|Any CPU.Build.0 = Debug|Any CPU
		{315110C9-B4BC-4921-A65E-92CB2D927B0B}.Release|Any CPU.ActiveCfg = Release|Any CPU
		{315110C9-B4BC-4921-A65E-92CB2D927B0B}.Release|Any CPU.Build.0 = Release|Any CPU
		{F659DE5C-5E1A-441B-9B5F-74D107FBADA2}.Debug|Any CPU.ActiveCfg = Debug|Any CPU
		{F659DE5C-5E1A-441B-9B5F-74D107FBADA2}.Debug|Any CPU.Build.0 = Debug|Any CPU
		{F659DE5C-5E1A-441B-9B5F-74D107FBADA2}.Release|Any CPU.ActiveCfg = Release|Any CPU
		{F659DE5C-5E1A-441B-9B5F-74D107FBADA2}.Release|Any CPU.Build.0 = Release|Any CPU
		{9BCE8813-6664-41FB-9B72-CB108F5AB8A6}.Debug|Any CPU.ActiveCfg = Debug|Any CPU
		{9BCE8813-6664-41FB-9B72-CB108F5AB8A6}.Debug|Any CPU.Build.0 = Debug|Any CPU
		{9BCE8813-6664-41FB-9B72-CB108F5AB8A6}.Release|Any CPU.ActiveCfg = Release|Any CPU
		{9BCE8813-6664-41FB-9B72-CB108F5AB8A6}.Release|Any CPU.Build.0 = Release|Any CPU
		{78F39B27-F0F2-420D-89A3-219D55A27A5C}.Debug|Any CPU.ActiveCfg = Debug|Any CPU
		{78F39B27-F0F2-420D-89A3-219D55A27A5C}.Debug|Any CPU.Build.0 = Debug|Any CPU
		{78F39B27-F0F2-420D-89A3-219D55A27A5C}.Release|Any CPU.ActiveCfg = Release|Any CPU
		{78F39B27-F0F2-420D-89A3-219D55A27A5C}.Release|Any CPU.Build.0 = Release|Any CPU
		{C3EC02C4-35D6-4036-8735-6330CB1C091B}.Debug|Any CPU.ActiveCfg = Debug|Any CPU
		{C3EC02C4-35D6-4036-8735-6330CB1C091B}.Debug|Any CPU.Build.0 = Debug|Any CPU
		{C3EC02C4-35D6-4036-8735-6330CB1C091B}.Release|Any CPU.ActiveCfg = Release|Any CPU
		{C3EC02C4-35D6-4036-8735-6330CB1C091B}.Release|Any CPU.Build.0 = Release|Any CPU
		{814222A2-1DC6-449A-9389-8CAAFF6150A5}.Debug|Any CPU.ActiveCfg = Debug|Any CPU
		{814222A2-1DC6-449A-9389-8CAAFF6150A5}.Debug|Any CPU.Build.0 = Debug|Any CPU
		{814222A2-1DC6-449A-9389-8CAAFF6150A5}.Release|Any CPU.ActiveCfg = Release|Any CPU
		{814222A2-1DC6-449A-9389-8CAAFF6150A5}.Release|Any CPU.Build.0 = Release|Any CPU
		{C5822953-5014-463F-8C25-165CDD5A9B45}.Debug|Any CPU.ActiveCfg = Debug|Any CPU
		{C5822953-5014-463F-8C25-165CDD5A9B45}.Debug|Any CPU.Build.0 = Debug|Any CPU
		{C5822953-5014-463F-8C25-165CDD5A9B45}.Release|Any CPU.ActiveCfg = Release|Any CPU
		{C5822953-5014-463F-8C25-165CDD5A9B45}.Release|Any CPU.Build.0 = Release|Any CPU
		{FF99CC0C-BC2E-4371-9F95-DA32183C1947}.Debug|Any CPU.ActiveCfg = Debug|Any CPU
		{FF99CC0C-BC2E-4371-9F95-DA32183C1947}.Debug|Any CPU.Build.0 = Debug|Any CPU
		{FF99CC0C-BC2E-4371-9F95-DA32183C1947}.Release|Any CPU.ActiveCfg = Release|Any CPU
		{FF99CC0C-BC2E-4371-9F95-DA32183C1947}.Release|Any CPU.Build.0 = Release|Any CPU
		{B3EA84F0-0DA8-49D8-BE1A-5138DC5AE38D}.Debug|Any CPU.ActiveCfg = Debug|Any CPU
		{B3EA84F0-0DA8-49D8-BE1A-5138DC5AE38D}.Debug|Any CPU.Build.0 = Debug|Any CPU
		{B3EA84F0-0DA8-49D8-BE1A-5138DC5AE38D}.Release|Any CPU.ActiveCfg = Release|Any CPU
		{B3EA84F0-0DA8-49D8-BE1A-5138DC5AE38D}.Release|Any CPU.Build.0 = Release|Any CPU
		{EB94A28A-F14B-416E-A942-A129F1D0B83A}.Debug|Any CPU.ActiveCfg = Debug|Any CPU
		{EB94A28A-F14B-416E-A942-A129F1D0B83A}.Debug|Any CPU.Build.0 = Debug|Any CPU
		{EB94A28A-F14B-416E-A942-A129F1D0B83A}.Release|Any CPU.ActiveCfg = Release|Any CPU
		{EB94A28A-F14B-416E-A942-A129F1D0B83A}.Release|Any CPU.Build.0 = Release|Any CPU
		{09676B02-395B-4A5A-A2BF-808E9D204061}.Debug|Any CPU.ActiveCfg = Debug|Any CPU
		{09676B02-395B-4A5A-A2BF-808E9D204061}.Debug|Any CPU.Build.0 = Debug|Any CPU
		{09676B02-395B-4A5A-A2BF-808E9D204061}.Release|Any CPU.ActiveCfg = Release|Any CPU
		{09676B02-395B-4A5A-A2BF-808E9D204061}.Release|Any CPU.Build.0 = Release|Any CPU
		{F97A6130-1C20-45BA-8032-95660E964C41}.Debug|Any CPU.ActiveCfg = Debug|Any CPU
		{F97A6130-1C20-45BA-8032-95660E964C41}.Debug|Any CPU.Build.0 = Debug|Any CPU
		{F97A6130-1C20-45BA-8032-95660E964C41}.Release|Any CPU.ActiveCfg = Release|Any CPU
		{F97A6130-1C20-45BA-8032-95660E964C41}.Release|Any CPU.Build.0 = Release|Any CPU
		{A2AA48F6-6960-40AC-8E54-DA31A834B590}.Debug|Any CPU.ActiveCfg = Debug|Any CPU
		{A2AA48F6-6960-40AC-8E54-DA31A834B590}.Debug|Any CPU.Build.0 = Debug|Any CPU
		{A2AA48F6-6960-40AC-8E54-DA31A834B590}.Release|Any CPU.ActiveCfg = Release|Any CPU
		{A2AA48F6-6960-40AC-8E54-DA31A834B590}.Release|Any CPU.Build.0 = Release|Any CPU
		{CD9D872D-9859-4C0D-A978-1C6667EF804F}.Debug|Any CPU.ActiveCfg = Debug|Any CPU
		{CD9D872D-9859-4C0D-A978-1C6667EF804F}.Debug|Any CPU.Build.0 = Debug|Any CPU
		{CD9D872D-9859-4C0D-A978-1C6667EF804F}.Release|Any CPU.ActiveCfg = Release|Any CPU
		{CD9D872D-9859-4C0D-A978-1C6667EF804F}.Release|Any CPU.Build.0 = Release|Any CPU
		{7F5FA3C4-0E21-440D-A1F5-1D07A8B6EB1A}.Debug|Any CPU.ActiveCfg = Debug|Any CPU
		{7F5FA3C4-0E21-440D-A1F5-1D07A8B6EB1A}.Debug|Any CPU.Build.0 = Debug|Any CPU
		{7F5FA3C4-0E21-440D-A1F5-1D07A8B6EB1A}.Release|Any CPU.ActiveCfg = Release|Any CPU
		{7F5FA3C4-0E21-440D-A1F5-1D07A8B6EB1A}.Release|Any CPU.Build.0 = Release|Any CPU
		{03CA7687-4963-47C1-A5D5-0F2059AE6EA2}.Debug|Any CPU.ActiveCfg = Debug|Any CPU
		{03CA7687-4963-47C1-A5D5-0F2059AE6EA2}.Debug|Any CPU.Build.0 = Debug|Any CPU
		{03CA7687-4963-47C1-A5D5-0F2059AE6EA2}.Release|Any CPU.ActiveCfg = Release|Any CPU
		{03CA7687-4963-47C1-A5D5-0F2059AE6EA2}.Release|Any CPU.Build.0 = Release|Any CPU
		{7FED5655-2349-43EB-BFDF-65DCDC68F623}.Debug|Any CPU.ActiveCfg = Debug|Any CPU
		{7FED5655-2349-43EB-BFDF-65DCDC68F623}.Debug|Any CPU.Build.0 = Debug|Any CPU
		{7FED5655-2349-43EB-BFDF-65DCDC68F623}.Release|Any CPU.ActiveCfg = Release|Any CPU
		{7FED5655-2349-43EB-BFDF-65DCDC68F623}.Release|Any CPU.Build.0 = Release|Any CPU
		{F0DEAC8F-423A-46FF-A376-BD5484BC052B}.Debug|Any CPU.ActiveCfg = Debug|Any CPU
		{F0DEAC8F-423A-46FF-A376-BD5484BC052B}.Debug|Any CPU.Build.0 = Debug|Any CPU
		{F0DEAC8F-423A-46FF-A376-BD5484BC052B}.Release|Any CPU.ActiveCfg = Release|Any CPU
		{F0DEAC8F-423A-46FF-A376-BD5484BC052B}.Release|Any CPU.Build.0 = Release|Any CPU
	EndGlobalSection
	GlobalSection(SolutionProperties) = preSolution
		HideSolutionNode = FALSE
	EndGlobalSection
	GlobalSection(ExtensibilityGlobals) = postSolution
		SolutionGuid = {33687826-EAFA-4FEC-91BD-2D0656F6164E}
	EndGlobalSection
EndGlobal
